<?xml version="1.0" encoding="utf-8"?>
<Project ToolsVersion="4.0" xmlns="http://schemas.microsoft.com/developer/msbuild/2003">
  <ItemGroup>
    <Filter Include="Resource Files">
      <UniqueIdentifier>{67DA6AB6-F800-4c08-8B7A-83BB121AAD01}</UniqueIdentifier>
      <Extensions>rc;ico;cur;bmp;dlg;rc2;rct;bin;rgs;gif;jpg;jpeg;jpe;resx;tiff;tif;png;wav;mfcribbon-ms</Extensions>
    </Filter>
    <Filter Include="HECS">
      <UniqueIdentifier>{366ef83b-09d9-44ee-8135-72c1c5d96d58}</UniqueIdentifier>
    </Filter>
    <Filter Include="HECS\Components">
      <UniqueIdentifier>{4aa92485-f93a-4b2c-9645-2ebcff5e4495}</UniqueIdentifier>
    </Filter>
    <Filter Include="HECS\Systems">
      <UniqueIdentifier>{8a022766-12cc-4d10-b28e-2593d6998ec0}</UniqueIdentifier>
    </Filter>
    <Filter Include="Core">
      <UniqueIdentifier>{1e5479f4-a704-4132-951c-f938a6e1e933}</UniqueIdentifier>
    </Filter>
    <Filter Include="Conhost">
      <UniqueIdentifier>{76d2f9cc-174f-492d-8248-1b3d9d1e7093}</UniqueIdentifier>
    </Filter>
    <Filter Include="Conhost\Legacy">
      <UniqueIdentifier>{9c3f9cc1-5aa4-4ce3-bfde-6008b2ba9f8e}</UniqueIdentifier>
    </Filter>
  </ItemGroup>
  <ItemGroup>
    <ClCompile Include="EntityManager.cpp">
      <Filter>HECS</Filter>
    </ClCompile>
    <ClCompile Include="SpriteComponent.cpp">
      <Filter>HECS\Components</Filter>
    </ClCompile>
    <ClCompile Include="NameComponent.cpp">
      <Filter>HECS\Components</Filter>
    </ClCompile>
    <ClCompile Include="Transform2dComponent.cpp">
      <Filter>HECS\Components</Filter>
    </ClCompile>
    <ClCompile Include="RenderSystem.cpp">
      <Filter>HECS\Systems</Filter>
    </ClCompile>
    <ClCompile Include="GBase.cpp">
      <Filter>Core</Filter>
    </ClCompile>
    <ClCompile Include="main.cpp">
      <Filter>Core</Filter>
    </ClCompile>
    <ClCompile Include="Controller.cpp">
      <Filter>Conhost</Filter>
    </ClCompile>
    <ClCompile Include="Buffer.cpp">
      <Filter>Conhost</Filter>
    </ClCompile>
    <ClCompile Include="ConhostController.cpp">
      <Filter>Conhost\Legacy</Filter>
    </ClCompile>
    <ClCompile Include="ANSI.cpp">
      <Filter>Conhost</Filter>
    </ClCompile>
  </ItemGroup>
  <ItemGroup>
    <ClInclude Include="SpriteComponent.h">
      <Filter>HECS\Components</Filter>
    </ClInclude>
    <ClInclude Include="EntityManager.h">
      <Filter>HECS</Filter>
    </ClInclude>
    <ClInclude Include="Transform2dComponent.h">
      <Filter>HECS\Components</Filter>
    </ClInclude>
    <ClInclude Include="HECS.h">
      <Filter>HECS</Filter>
    </ClInclude>
    <ClInclude Include="NameComponent.h">
      <Filter>HECS\Components</Filter>
    </ClInclude>
    <ClInclude Include="RenderSystem.h">
      <Filter>HECS\Systems</Filter>
    </ClInclude>
    <ClInclude Include="GBase.h">
      <Filter>Core</Filter>
    </ClInclude>
    <ClInclude Include="Controller.h">
      <Filter>Conhost</Filter>
    </ClInclude>
    <ClInclude Include="Buffer.h">
      <Filter>Conhost</Filter>
    </ClInclude>
    <ClInclude Include="ConhostController.h">
      <Filter>Conhost\Legacy</Filter>
    </ClInclude>
    <ClInclude Include="ANSI.h">
      <Filter>Conhost</Filter>
    </ClInclude>
  </ItemGroup>
</Project>