<?xml version="1.0" encoding="utf-8"?>
<Project ToolsVersion="4.0" xmlns="http://schemas.microsoft.com/developer/msbuild/2003">
  <ItemGroup>
    <Filter Include="Source Files">
      <UniqueIdentifier>{4FC737F1-C7A5-4376-A066-2A32D752A2FF}</UniqueIdentifier>
      <Extensions>cpp;c;cc;cxx;c++;cppm;ixx;def;odl;idl;hpj;bat;asm;asmx</Extensions>
    </Filter>
    <Filter Include="Header Files">
      <UniqueIdentifier>{93995380-89BD-4b04-88EB-625FBE52EBFB}</UniqueIdentifier>
      <Extensions>h;hh;hpp;hxx;h++;hm;inl;inc;ipp;xsd</Extensions>
    </Filter>
    <Filter Include="Resource Files">
      <UniqueIdentifier>{67DA6AB6-F800-4c08-8B7A-83BB121AAD01}</UniqueIdentifier>
      <Extensions>rc;ico;cur;bmp;dlg;rc2;rct;bin;rgs;gif;jpg;jpeg;jpe;resx;tiff;tif;png;wav;mfcribbon-ms</Extensions>
    </Filter>
    <Filter Include="HECS">
      <UniqueIdentifier>{366ef83b-09d9-44ee-8135-72c1c5d96d58}</UniqueIdentifier>
    </Filter>
    <Filter Include="HECS\Components">
      <UniqueIdentifier>{4aa92485-f93a-4b2c-9645-2ebcff5e4495}</UniqueIdentifier>
    </Filter>
    <Filter Include="HECS\Systems">
      <UniqueIdentifier>{8a022766-12cc-4d10-b28e-2593d6998ec0}</UniqueIdentifier>
    </Filter>
  </ItemGroup>
  <ItemGroup>
    <ClCompile Include="main.cpp">
      <Filter>Source Files</Filter>
    </ClCompile>
    <ClCompile Include="ConhostController.cpp">
      <Filter>Source Files</Filter>
    </ClCompile>
    <ClCompile Include="Scene.cpp">
      <Filter>Source Files</Filter>
    </ClCompile>
    <ClCompile Include="GBase.cpp">
      <Filter>Source Files</Filter>
    </ClCompile>
    <ClCompile Include="Renderer.cpp">
      <Filter>Source Files</Filter>
    </ClCompile>
    <ClCompile Include="Sprite.cpp">
      <Filter>Source Files</Filter>
    </ClCompile>
    <ClCompile Include="EntityManager.cpp">
      <Filter>HECS</Filter>
    </ClCompile>
    <ClCompile Include="SpriteComponent.cpp">
      <Filter>HECS\Components</Filter>
    </ClCompile>
    <ClCompile Include="NameComponent.cpp">
      <Filter>HECS\Components</Filter>
    </ClCompile>
    <ClCompile Include="Transform2dComponent.cpp">
      <Filter>HECS\Components</Filter>
    </ClCompile>
    <ClCompile Include="RenderSystem.cpp">
      <Filter>HECS\Systems</Filter>
    </ClCompile>
  </ItemGroup>
  <ItemGroup>
    <ClInclude Include="ConhostController.h">
      <Filter>Header Files</Filter>
    </ClInclude>
    <ClInclude Include="Scene.h">
      <Filter>Header Files</Filter>
    </ClInclude>
    <ClInclude Include="GBase.h">
      <Filter>Header Files</Filter>
    </ClInclude>
    <ClInclude Include="Renderer.h">
      <Filter>Header Files</Filter>
    </ClInclude>
    <ClInclude Include="Sprite.h">
      <Filter>Header Files</Filter>
    </ClInclude>
    <ClInclude Include="SpriteComponent.h">
      <Filter>HECS\Components</Filter>
    </ClInclude>
    <ClInclude Include="EntityManager.h">
      <Filter>HECS</Filter>
    </ClInclude>
    <ClInclude Include="Transform2dComponent.h">
      <Filter>HECS\Components</Filter>
    </ClInclude>
    <ClInclude Include="HECS.h">
      <Filter>HECS</Filter>
    </ClInclude>
    <ClInclude Include="NameComponent.h">
      <Filter>HECS\Components</Filter>
    </ClInclude>
    <ClInclude Include="RenderSystem.h">
      <Filter>HECS\Systems</Filter>
    </ClInclude>
  </ItemGroup>
</Project>